
Microsoft Visual Studio Solution File, Format Version 12.00
# Visual Studio Version 16
VisualStudioVersion = 25.0.1703.6
MinimumVisualStudioVersion = 10.0.40219.1
Project("{FAE04EC0-301F-11D3-BF4B-00C04F79EFBC}") = "eTickets", "eTickets\eTickets.csproj", "{6EBA5413-1525-410D-815B-19103ACC8DC4}"
EndProject
Global
	GlobalSection(SolutionConfigurationPlatforms) = preSolution
		Debug|Any CPU = Debug|Any CPU
		Release|Any CPU = Release|Any CPU
	EndGlobalSection
	GlobalSection(ProjectConfigurationPlatforms) = postSolution
		{6EBA5413-1525-410D-815B-19103ACC8DC4}.Debug|Any CPU.ActiveCfg = Debug|Any CPU
		{6EBA5413-1525-410D-815B-19103ACC8DC4}.Debug|Any CPU.Build.0 = Debug|Any CPU
		{6EBA5413-1525-410D-815B-19103ACC8DC4}.Release|Any CPU.ActiveCfg = Release|Any CPU
		{6EBA5413-1525-410D-815B-19103ACC8DC4}.Release|Any CPU.Build.0 = Release|Any CPU
	EndGlobalSection
	GlobalSection(SolutionProperties) = preSolution
		HideSolutionNode = FALSE
	EndGlobalSection
	GlobalSection(ExtensibilityGlobals) = postSolution
		SolutionGuid = {68587F17-F776-4180-A3A9-7AF00A49118B}
	EndGlobalSection
EndGlobal
